// !$*UTF8*$!
{
	archiveVersion = 1;
	classes = {
	};
	objectVersion = 50;
	objects = {

/* Begin PBXBuildFile section */
		C1435538223D01B200A084E4 /* AppDelegate.swift in Sources */ = {isa = PBXBuildFile; fileRef = C1435537223D01B200A084E4 /* AppDelegate.swift */; };
		C143553A223D01B200A084E4 /* ViewController.swift in Sources */ = {isa = PBXBuildFile; fileRef = C1435539223D01B200A084E4 /* ViewController.swift */; };
		C143553D223D01B200A084E4 /* Main.storyboard in Resources */ = {isa = PBXBuildFile; fileRef = C143553B223D01B200A084E4 /* Main.storyboard */; };
		C143553F223D01B200A084E4 /* Assets.xcassets in Resources */ = {isa = PBXBuildFile; fileRef = C143553E223D01B200A084E4 /* Assets.xcassets */; };
		C1435542223D01B200A084E4 /* LaunchScreen.storyboard in Resources */ = {isa = PBXBuildFile; fileRef = C1435540223D01B200A084E4 /* LaunchScreen.storyboard */; };
		C143554A223D020400A084E4 /* MainTabBarController.swift in Sources */ = {isa = PBXBuildFile; fileRef = C1435549223D020400A084E4 /* MainTabBarController.swift */; };
		C143554D223D0FB600A084E4 /* PodcastsSearchController.swift in Sources */ = {isa = PBXBuildFile; fileRef = C143554C223D0FB600A084E4 /* PodcastsSearchController.swift */; };
		C1435550223D111300A084E4 /* Podcast.swift in Sources */ = {isa = PBXBuildFile; fileRef = C143554F223D111300A084E4 /* Podcast.swift */; };
		FEE1FC67E76BD5BAD4D1AB05 /* Pods_Podcast.framework in Frameworks */ = {isa = PBXBuildFile; fileRef = 7A520AF72E6CB0DD9A49E477 /* Pods_Podcast.framework */; };
/* End PBXBuildFile section */

/* Begin PBXFileReference section */
		107DE905D745AC546D43DA2E /* Pods-Podcast.debug.xcconfig */ = {isa = PBXFileReference; includeInIndex = 1; lastKnownFileType = text.xcconfig; name = "Pods-Podcast.debug.xcconfig"; path = "Target Support Files/Pods-Podcast/Pods-Podcast.debug.xcconfig"; sourceTree = "<group>"; };
		7A520AF72E6CB0DD9A49E477 /* Pods_Podcast.framework */ = {isa = PBXFileReference; explicitFileType = wrapper.framework; includeInIndex = 0; path = Pods_Podcast.framework; sourceTree = BUILT_PRODUCTS_DIR; };
		91ECFAC735359539CAE221D9 /* Pods-Podcast.release.xcconfig */ = {isa = PBXFileReference; includeInIndex = 1; lastKnownFileType = text.xcconfig; name = "Pods-Podcast.release.xcconfig"; path = "Target Support Files/Pods-Podcast/Pods-Podcast.release.xcconfig"; sourceTree = "<group>"; };
		C1435534223D01B200A084E4 /* Podcast.app */ = {isa = PBXFileReference; explicitFileType = wrapper.application; includeInIndex = 0; path = Podcast.app; sourceTree = BUILT_PRODUCTS_DIR; };
		C1435537223D01B200A084E4 /* AppDelegate.swift */ = {isa = PBXFileReference; lastKnownFileType = sourcecode.swift; path = AppDelegate.swift; sourceTree = "<group>"; };
		C1435539223D01B200A084E4 /* ViewController.swift */ = {isa = PBXFileReference; lastKnownFileType = sourcecode.swift; path = ViewController.swift; sourceTree = "<group>"; };
		C143553C223D01B200A084E4 /* Base */ = {isa = PBXFileReference; lastKnownFileType = file.storyboard; name = Base; path = Base.lproj/Main.storyboard; sourceTree = "<group>"; };
		C143553E223D01B200A084E4 /* Assets.xcassets */ = {isa = PBXFileReference; lastKnownFileType = folder.assetcatalog; path = Assets.xcassets; sourceTree = "<group>"; };
		C1435541223D01B200A084E4 /* Base */ = {isa = PBXFileReference; lastKnownFileType = file.storyboard; name = Base; path = Base.lproj/LaunchScreen.storyboard; sourceTree = "<group>"; };
		C1435543223D01B200A084E4 /* Info.plist */ = {isa = PBXFileReference; lastKnownFileType = text.plist.xml; path = Info.plist; sourceTree = "<group>"; };
		C1435549223D020400A084E4 /* MainTabBarController.swift */ = {isa = PBXFileReference; lastKnownFileType = sourcecode.swift; path = MainTabBarController.swift; sourceTree = "<group>"; };
		C143554C223D0FB600A084E4 /* PodcastsSearchController.swift */ = {isa = PBXFileReference; lastKnownFileType = sourcecode.swift; path = PodcastsSearchController.swift; sourceTree = "<group>"; };
		C143554F223D111300A084E4 /* Podcast.swift */ = {isa = PBXFileReference; lastKnownFileType = sourcecode.swift; path = Podcast.swift; sourceTree = "<group>"; };
/* End PBXFileReference section */

/* Begin PBXFrameworksBuildPhase section */
		C1435531223D01B200A084E4 /* Frameworks */ = {
			isa = PBXFrameworksBuildPhase;
			buildActionMask = 2147483647;
			files = (
				FEE1FC67E76BD5BAD4D1AB05 /* Pods_Podcast.framework in Frameworks */,
			);
			runOnlyForDeploymentPostprocessing = 0;
		};
/* End PBXFrameworksBuildPhase section */

/* Begin PBXGroup section */
		B16FFE5E35003C6E490E52BF /* Frameworks */ = {
			isa = PBXGroup;
			children = (
				7A520AF72E6CB0DD9A49E477 /* Pods_Podcast.framework */,
			);
			name = Frameworks;
			sourceTree = "<group>";
		};
		BB5AE754EC60D5D53E03EF4C /* Pods */ = {
			isa = PBXGroup;
			children = (
				107DE905D745AC546D43DA2E /* Pods-Podcast.debug.xcconfig */,
				91ECFAC735359539CAE221D9 /* Pods-Podcast.release.xcconfig */,
			);
			name = Pods;
			path = Pods;
			sourceTree = "<group>";
		};
		C143552B223D01B200A084E4 = {
			isa = PBXGroup;
			children = (
				C1435536223D01B200A084E4 /* Podcast */,
				C1435535223D01B200A084E4 /* Products */,
				BB5AE754EC60D5D53E03EF4C /* Pods */,
				B16FFE5E35003C6E490E52BF /* Frameworks */,
			);
			sourceTree = "<group>";
		};
		C1435535223D01B200A084E4 /* Products */ = {
			isa = PBXGroup;
			children = (
				C1435534223D01B200A084E4 /* Podcast.app */,
			);
			name = Products;
			sourceTree = "<group>";
		};
		C1435536223D01B200A084E4 /* Podcast */ = {
			isa = PBXGroup;
			children = (
				C143554E223D10F200A084E4 /* Models */,
				C143554B223D0F9700A084E4 /* Controllers */,
				C1435537223D01B200A084E4 /* AppDelegate.swift */,
				C1435539223D01B200A084E4 /* ViewController.swift */,
				C143553B223D01B200A084E4 /* Main.storyboard */,
				C143553E223D01B200A084E4 /* Assets.xcassets */,
				C1435540223D01B200A084E4 /* LaunchScreen.storyboard */,
				C1435543223D01B200A084E4 /* Info.plist */,
				C1435549223D020400A084E4 /* MainTabBarController.swift */,
			);
			path = Podcast;
			sourceTree = "<group>";
		};
		C143554B223D0F9700A084E4 /* Controllers */ = {
			isa = PBXGroup;
			children = (
				C143554C223D0FB600A084E4 /* PodcastsSearchController.swift */,
			);
			path = Controllers;
			sourceTree = "<group>";
		};
		C143554E223D10F200A084E4 /* Models */ = {
			isa = PBXGroup;
			children = (
				C143554F223D111300A084E4 /* Podcast.swift */,
			);
			path = Models;
			sourceTree = "<group>";
		};
/* End PBXGroup section */

/* Begin PBXNativeTarget section */
		C1435533223D01B200A084E4 /* Podcast */ = {
			isa = PBXNativeTarget;
			buildConfigurationList = C1435546223D01B200A084E4 /* Build configuration list for PBXNativeTarget "Podcast" */;
			buildPhases = (
				E15C2AF1B6F248ACF365D5AC /* [CP] Check Pods Manifest.lock */,
				C1435530223D01B200A084E4 /* Sources */,
				C1435531223D01B200A084E4 /* Frameworks */,
				C1435532223D01B200A084E4 /* Resources */,
				9F2384FA5FB6C6FB83739CB9 /* [CP] Embed Pods Frameworks */,
			);
			buildRules = (
			);
			dependencies = (
			);
			name = Podcast;
			productName = Podcast;
			productReference = C1435534223D01B200A084E4 /* Podcast.app */;
			productType = "com.apple.product-type.application";
		};
/* End PBXNativeTarget section */

/* Begin PBXProject section */
		C143552C223D01B200A084E4 /* Project object */ = {
			isa = PBXProject;
			attributes = {
				LastSwiftUpdateCheck = 1010;
				LastUpgradeCheck = 1010;
				ORGANIZATIONNAME = Vjeko;
				TargetAttributes = {
					C1435533223D01B200A084E4 = {
						CreatedOnToolsVersion = 10.1;
					};
				};
			};
			buildConfigurationList = C143552F223D01B200A084E4 /* Build configuration list for PBXProject "Podcast" */;
			compatibilityVersion = "Xcode 9.3";
			developmentRegion = en;
			hasScannedForEncodings = 0;
			knownRegions = (
				en,
				Base,
			);
			mainGroup = C143552B223D01B200A084E4;
			productRefGroup = C1435535223D01B200A084E4 /* Products */;
			projectDirPath = "";
			projectRoot = "";
			targets = (
				C1435533223D01B200A084E4 /* Podcast */,
			);
		};
/* End PBXProject section */

/* Begin PBXResourcesBuildPhase section */
		C1435532223D01B200A084E4 /* Resources */ = {
			isa = PBXResourcesBuildPhase;
			buildActionMask = 2147483647;
			files = (
				C1435542223D01B200A084E4 /* LaunchScreen.storyboard in Resources */,
				C143553F223D01B200A084E4 /* Assets.xcassets in Resources */,
				C143553D223D01B200A084E4 /* Main.storyboard in Resources */,
			);
			runOnlyForDeploymentPostprocessing = 0;
		};
/* End PBXResourcesBuildPhase section */

/* Begin PBXShellScriptBuildPhase section */
		9F2384FA5FB6C6FB83739CB9 /* [CP] Embed Pods Frameworks */ = {
			isa = PBXShellScriptBuildPhase;
			buildActionMask = 2147483647;
			files = (
			);
			inputFileListPaths = (
			);
			inputPaths = (
				"${PODS_ROOT}/Target Support Files/Pods-Podcast/Pods-Podcast-frameworks.sh",
				"${BUILT_PRODUCTS_DIR}/Alamofire/Alamofire.framework",
			);
			name = "[CP] Embed Pods Frameworks";
			outputFileListPaths = (
			);
			outputPaths = (
				"${TARGET_BUILD_DIR}/${FRAMEWORKS_FOLDER_PATH}/Alamofire.framework",
			);
			runOnlyForDeploymentPostprocessing = 0;
			shellPath = /bin/sh;
			shellScript = "\"${PODS_ROOT}/Target Support Files/Pods-Podcast/Pods-Podcast-frameworks.sh\"\n";
			showEnvVarsInLog = 0;
		};
		E15C2AF1B6F248ACF365D5AC /* [CP] Check Pods Manifest.lock */ = {
			isa = PBXShellScriptBuildPhase;
			buildActionMask = 2147483647;
			files = (
			);
			inputFileListPaths = (
			);
			inputPaths = (
				"${PODS_PODFILE_DIR_PATH}/Podfile.lock",
				"${PODS_ROOT}/Manifest.lock",
			);
			name = "[CP] Check Pods Manifest.lock";
			outputFileListPaths = (
			);
			outputPaths = (
				"$(DERIVED_FILE_DIR)/Pods-Podcast-checkManifestLockResult.txt",
			);
			runOnlyForDeploymentPostprocessing = 0;
			shellPath = /bin/sh;
			shellScript = "diff \"${PODS_PODFILE_DIR_PATH}/Podfile.lock\" \"${PODS_ROOT}/Manifest.lock\" > /dev/null\nif [ $? != 0 ] ; then\n    # print error to STDERR\n    echo \"error: The sandbox is not in sync with the Podfile.lock. Run 'pod install' or update your CocoaPods installation.\" >&2\n    exit 1\nfi\n# This output is used by Xcode 'outputs' to avoid re-running this script phase.\necho \"SUCCESS\" > \"${SCRIPT_OUTPUT_FILE_0}\"\n";
			showEnvVarsInLog = 0;
		};
/* End PBXShellScriptBuildPhase section */

/* Begin PBXSourcesBuildPhase section */
		C1435530223D01B200A084E4 /* Sources */ = {
			isa = PBXSourcesBuildPhase;
			buildActionMask = 2147483647;
			files = (
				C143554D223D0FB600A084E4 /* PodcastsSearchController.swift in Sources */,
				C143553A223D01B200A084E4 /* ViewController.swift in Sources */,
				C1435538223D01B200A084E4 /* AppDelegate.swift in Sources */,
				C143554A223D020400A084E4 /* MainTabBarController.swift in Sources */,
				C1435550223D111300A084E4 /* Podcast.swift in Sources */,
			);
			runOnlyForDeploymentPostprocessing = 0;
		};
/* End PBXSourcesBuildPhase section */

/* Begin PBXVariantGroup section */
		C143553B223D01B200A084E4 /* Main.storyboard */ = {
			isa = PBXVariantGroup;
			children = (
				C143553C223D01B200A084E4 /* Base */,
			);
			name = Main.storyboard;
			sourceTree = "<group>";
		};
		C1435540223D01B200A084E4 /* LaunchScreen.storyboard */ = {
			isa = PBXVariantGroup;
			children = (
				C1435541223D01B200A084E4 /* Base */,
			);
			name = LaunchScreen.storyboard;
			sourceTree = "<group>";
		};
/* End PBXVariantGroup section */

/* Begin XCBuildConfiguration section */
		C1435544223D01B200A084E4 /* Debug */ = {
			isa = XCBuildConfiguration;
			buildSettings = {
				ALWAYS_SEARCH_USER_PATHS = NO;
				CLANG_ANALYZER_NONNULL = YES;
				CLANG_ANALYZER_NUMBER_OBJECT_CONVERSION = YES_AGGRESSIVE;
				CLANG_CXX_LANGUAGE_STANDARD = "gnu++14";
				CLANG_CXX_LIBRARY = "libc++";
				CLANG_ENABLE_MODULES = YES;
				CLANG_ENABLE_OBJC_ARC = YES;
				CLANG_ENABLE_OBJC_WEAK = YES;
				CLANG_WARN_BLOCK_CAPTURE_AUTORELEASING = YES;
				CLANG_WARN_BOOL_CONVERSION = YES;
				CLANG_WARN_COMMA = YES;
				CLANG_WARN_CONSTANT_CONVERSION = YES;
				CLANG_WARN_DEPRECATED_OBJC_IMPLEMENTATIONS = YES;
				CLANG_WARN_DIRECT_OBJC_ISA_USAGE = YES_ERROR;
				CLANG_WARN_DOCUMENTATION_COMMENTS = YES;
				CLANG_WARN_EMPTY_BODY = YES;
				CLANG_WARN_ENUM_CONVERSION = YES;
				CLANG_WARN_INFINITE_RECURSION = YES;
				CLANG_WARN_INT_CONVERSION = YES;
				CLANG_WARN_NON_LITERAL_NULL_CONVERSION = YES;
				CLANG_WARN_OBJC_IMPLICIT_RETAIN_SELF = YES;
				CLANG_WARN_OBJC_LITERAL_CONVERSION = YES;
				CLANG_WARN_OBJC_ROOT_CLASS = YES_ERROR;
				CLANG_WARN_RANGE_LOOP_ANALYSIS = YES;
				CLANG_WARN_STRICT_PROTOTYPES = YES;
				CLANG_WARN_SUSPICIOUS_MOVE = YES;
				CLANG_WARN_UNGUARDED_AVAILABILITY = YES_AGGRESSIVE;
				CLANG_WARN_UNREACHABLE_CODE = YES;
				CLANG_WARN__DUPLICATE_METHOD_MATCH = YES;
				CODE_SIGN_IDENTITY = "iPhone Developer";
				COPY_PHASE_STRIP = NO;
				DEBUG_INFORMATION_FORMAT = dwarf;
				ENABLE_STRICT_OBJC_MSGSEND = YES;
				ENABLE_TESTABILITY = YES;
				GCC_C_LANGUAGE_STANDARD = gnu11;
				GCC_DYNAMIC_NO_PIC = NO;
				GCC_NO_COMMON_BLOCKS = YES;
				GCC_OPTIMIZATION_LEVEL = 0;
				GCC_PREPROCESSOR_DEFINITIONS = (
					"DEBUG=1",
					"$(inherited)",
				);
				GCC_WARN_64_TO_32_BIT_CONVERSION = YES;
				GCC_WARN_ABOUT_RETURN_TYPE = YES_ERROR;
				GCC_WARN_UNDECLARED_SELECTOR = YES;
				GCC_WARN_UNINITIALIZED_AUTOS = YES_AGGRESSIVE;
				GCC_WARN_UNUSED_FUNCTION = YES;
				GCC_WARN_UNUSED_VARIABLE = YES;
				IPHONEOS_DEPLOYMENT_TARGET = 12.1;
				MTL_ENABLE_DEBUG_INFO = INCLUDE_SOURCE;
				MTL_FAST_MATH = YES;
				ONLY_ACTIVE_ARCH = YES;
				SDKROOT = iphoneos;
				SWIFT_ACTIVE_COMPILATION_CONDITIONS = DEBUG;
				SWIFT_OPTIMIZATION_LEVEL = "-Onone";
			};
			name = Debug;
		};
		C1435545223D01B200A084E4 /* Release */ = {
			isa = XCBuildConfiguration;
			buildSettings = {
				ALWAYS_SEARCH_USER_PATHS = NO;
				CLANG_ANALYZER_NONNULL = YES;
				CLANG_ANALYZER_NUMBER_OBJECT_CONVERSION = YES_AGGRESSIVE;
				CLANG_CXX_LANGUAGE_STANDARD = "gnu++14";
				CLANG_CXX_LIBRARY = "libc++";
				CLANG_ENABLE_MODULES = YES;
				CLANG_ENABLE_OBJC_ARC = YES;
				CLANG_ENABLE_OBJC_WEAK = YES;
				CLANG_WARN_BLOCK_CAPTURE_AUTORELEASING = YES;
				CLANG_WARN_BOOL_CONVERSION = YES;
				CLANG_WARN_COMMA = YES;
				CLANG_WARN_CONSTANT_CONVERSION = YES;
				CLANG_WARN_DEPRECATED_OBJC_IMPLEMENTATIONS = YES;
				CLANG_WARN_DIRECT_OBJC_ISA_USAGE = YES_ERROR;
				CLANG_WARN_DOCUMENTATION_COMMENTS = YES;
				CLANG_WARN_EMPTY_BODY = YES;
				CLANG_WARN_ENUM_CONVERSION = YES;
				CLANG_WARN_INFINITE_RECURSION = YES;
				CLANG_WARN_INT_CONVERSION = YES;
				CLANG_WARN_NON_LITERAL_NULL_CONVERSION = YES;
				CLANG_WARN_OBJC_IMPLICIT_RETAIN_SELF = YES;
				CLANG_WARN_OBJC_LITERAL_CONVERSION = YES;
				CLANG_WARN_OBJC_ROOT_CLASS = YES_ERROR;
				CLANG_WARN_RANGE_LOOP_ANALYSIS = YES;
				CLANG_WARN_STRICT_PROTOTYPES = YES;
				CLANG_WARN_SUSPICIOUS_MOVE = YES;
				CLANG_WARN_UNGUARDED_AVAILABILITY = YES_AGGRESSIVE;
				CLANG_WARN_UNREACHABLE_CODE = YES;
				CLANG_WARN__DUPLICATE_METHOD_MATCH = YES;
				CODE_SIGN_IDENTITY = "iPhone Developer";
				COPY_PHASE_STRIP = NO;
				DEBUG_INFORMATION_FORMAT = "dwarf-with-dsym";
				ENABLE_NS_ASSERTIONS = NO;
				ENABLE_STRICT_OBJC_MSGSEND = YES;
				GCC_C_LANGUAGE_STANDARD = gnu11;
				GCC_NO_COMMON_BLOCKS = YES;
				GCC_WARN_64_TO_32_BIT_CONVERSION = YES;
				GCC_WARN_ABOUT_RETURN_TYPE = YES_ERROR;
				GCC_WARN_UNDECLARED_SELECTOR = YES;
				GCC_WARN_UNINITIALIZED_AUTOS = YES_AGGRESSIVE;
				GCC_WARN_UNUSED_FUNCTION = YES;
				GCC_WARN_UNUSED_VARIABLE = YES;
				IPHONEOS_DEPLOYMENT_TARGET = 12.1;
				MTL_ENABLE_DEBUG_INFO = NO;
				MTL_FAST_MATH = YES;
				SDKROOT = iphoneos;
				SWIFT_COMPILATION_MODE = wholemodule;
				SWIFT_OPTIMIZATION_LEVEL = "-O";
				VALIDATE_PRODUCT = YES;
			};
			name = Release;
		};
		C1435547223D01B200A084E4 /* Debug */ = {
			isa = XCBuildConfiguration;
			baseConfigurationReference = 107DE905D745AC546D43DA2E /* Pods-Podcast.debug.xcconfig */;
			buildSettings = {
				ASSETCATALOG_COMPILER_APPICON_NAME = AppIcon;
				CODE_SIGN_STYLE = Automatic;
				INFOPLIST_FILE = Podcast/Info.plist;
				LD_RUNPATH_SEARCH_PATHS = (
					"$(inherited)",
					"@executable_path/Frameworks",
				);
				PRODUCT_BUNDLE_IDENTIFIER = com.vjeko.Podcast;
				PRODUCT_NAME = "$(TARGET_NAME)";
				SWIFT_VERSION = 4.2;
				TARGETED_DEVICE_FAMILY = "1,2";
			};
			name = Debug;
		};
		C1435548223D01B200A084E4 /* Release */ = {
			isa = XCBuildConfiguration;
			baseConfigurationReference = 91ECFAC735359539CAE221D9 /* Pods-Podcast.release.xcconfig */;
			buildSettings = {
				ASSETCATALOG_COMPILER_APPICON_NAME = AppIcon;
				CODE_SIGN_STYLE = Automatic;
				INFOPLIST_FILE = Podcast/Info.plist;
				LD_RUNPATH_SEARCH_PATHS = (
					"$(inherited)",
					"@executable_path/Frameworks",
				);
				PRODUCT_BUNDLE_IDENTIFIER = com.vjeko.Podcast;
				PRODUCT_NAME = "$(TARGET_NAME)";
				SWIFT_VERSION = 4.2;
				TARGETED_DEVICE_FAMILY = "1,2";
			};
			name = Release;
		};
/* End XCBuildConfiguration section */

/* Begin XCConfigurationList section */
		C143552F223D01B200A084E4 /* Build configuration list for PBXProject "Podcast" */ = {
			isa = XCConfigurationList;
			buildConfigurations = (
				C1435544223D01B200A084E4 /* Debug */,
				C1435545223D01B200A084E4 /* Release */,
			);
			defaultConfigurationIsVisible = 0;
			defaultConfigurationName = Release;
		};
		C1435546223D01B200A084E4 /* Build configuration list for PBXNativeTarget "Podcast" */ = {
			isa = XCConfigurationList;
			buildConfigurations = (
				C1435547223D01B200A084E4 /* Debug */,
				C1435548223D01B200A084E4 /* Release */,
			);
			defaultConfigurationIsVisible = 0;
			defaultConfigurationName = Release;
		};
/* End XCConfigurationList section */
	};
	rootObject = C143552C223D01B200A084E4 /* Project object */;
}
